# This file is automatically @generated by Cargo.
# It is not intended for manual editing.
version = 4

[[package]]
name = "deck-streak-agent"
version = "0.1.0"
dependencies = [
 "deck-streak-kernel",
]

[[package]]
name = "deck-streak-analytics"
version = "0.1.0"
dependencies = [
 "deck-streak-ingest",
 "deck-streak-kernel",
]

[[package]]
name = "deck-streak-api"
version = "0.1.0"
dependencies = [
 "deck-streak-coordination",
 "deck-streak-identity",
 "deck-streak-kernel",
 "deck-streak-notifications",
]

[[package]]
name = "deck-streak-bot"
version = "0.1.0"
dependencies = [
 "deck-streak-coordination",
 "deck-streak-identity",
 "deck-streak-kernel",
 "deck-streak-notifications",
]

[[package]]
name = "deck-streak-coordination"
version = "0.1.0"
dependencies = [
 "deck-streak-agent",
 "deck-streak-analytics",
 "deck-streak-curriculum",
 "deck-streak-discipline",
 "deck-streak-economy",
 "deck-streak-focus",
 "deck-streak-habits",
 "deck-streak-identity",
 "deck-streak-ingest",
 "deck-streak-insights",
 "deck-streak-kernel",
 "deck-streak-markets",
 "deck-streak-notifications",
 "deck-streak-privacy",
 "deck-streak-progression",
 "deck-streak-publishing",
 "deck-streak-quests",
 "deck-streak-readings",
 "deck-streak-streaks",
 "deck-streak-vault",
]

[[package]]
name = "deck-streak-curriculum"
version = "0.1.0"
dependencies = [
 "deck-streak-ingest",
 "deck-streak-kernel",
]

[[package]]
name = "deck-streak-daemon"
version = "0.1.0"
dependencies = [
 "deck-streak-agent",
 "deck-streak-analytics",
 "deck-streak-api",
 "deck-streak-bot",
 "deck-streak-coordination",
 "deck-streak-curriculum",
 "deck-streak-discipline",
 "deck-streak-economy",
 "deck-streak-focus",
 "deck-streak-habits",
 "deck-streak-identity",
 "deck-streak-ingest",
 "deck-streak-insights",
 "deck-streak-kernel",
 "deck-streak-markets",
 "deck-streak-notifications",
 "deck-streak-privacy",
 "deck-streak-progression",
 "deck-streak-publishing",
 "deck-streak-quests",
 "deck-streak-readings",
 "deck-streak-streaks",
 "deck-streak-vault",
]

[[package]]
name = "deck-streak-discipline"
version = "0.1.0"
dependencies = [
 "deck-streak-ingest",
 "deck-streak-kernel",
]

[[package]]
name = "deck-streak-economy"
version = "0.1.0"
dependencies = [
 "deck-streak-kernel",
]

[[package]]
name = "deck-streak-focus"
version = "0.1.0"
dependencies = [
 "deck-streak-kernel",
]

[[package]]
name = "deck-streak-habits"
version = "0.1.0"
dependencies = [
 "deck-streak-kernel",
]

[[package]]
name = "deck-streak-identity"
version = "0.1.0"
dependencies = [
 "deck-streak-kernel",
]

[[package]]
name = "deck-streak-ingest"
version = "0.1.0"
dependencies = [
 "deck-streak-kernel",
]

[[package]]
name = "deck-streak-insights"
version = "0.1.0"
dependencies = [
 "deck-streak-ingest",
 "deck-streak-kernel",
]

[[package]]
name = "deck-streak-kernel"
version = "0.1.0"

[[package]]
name = "deck-streak-markets"
version = "0.1.0"
dependencies = [
 "deck-streak-kernel",
]

[[package]]
name = "deck-streak-notifications"
version = "0.1.0"
dependencies = [
 "deck-streak-kernel",
]

[[package]]
name = "deck-streak-privacy"
version = "0.1.0"
dependencies = [
 "deck-streak-kernel",
]

[[package]]
name = "deck-streak-progression"
version = "0.1.0"
dependencies = [
 "deck-streak-ingest",
 "deck-streak-kernel",
]

[[package]]
name = "deck-streak-publishing"
version = "0.1.0"
dependencies = [
 "deck-streak-kernel",
]

[[package]]
name = "deck-streak-quests"
version = "0.1.0"
dependencies = [
 "deck-streak-ingest",
 "deck-streak-kernel",
]

[[package]]
name = "deck-streak-readings"
version = "0.1.0"
dependencies = [
 "deck-streak-ingest",
 "deck-streak-kernel",
]

[[package]]
name = "deck-streak-streaks"
version = "0.1.0"
dependencies = [
 "deck-streak-kernel",
]

[[package]]
name = "deck-streak-vault"
version = "0.1.0"
dependencies = [
 "deck-streak-kernel",
]
